# This file is autogenerated, do not edit; changes may be undone by the next 'dep ensure'.


[[projects]]
  name = "github.com/go-kit/kit"
  packages = ["endpoint","log"]
  revision = "4dc7be5d2d12881735283bcab7352178e190fc71"
  version = "v0.6.0"

[[projects]]
  name = "github.com/go-logfmt/logfmt"
  packages = ["."]
  revision = "390ab7935ee28ec6b286364bba9b4dd6410cb3d5"
  version = "v0.3.0"

[[projects]]
  name = "github.com/go-stack/stack"
  packages = ["."]
  revision = "817915b46b97fd7bb80e8ab6b69f01a53ac3eebf"
  version = "v1.6.0"

[[projects]]
  name = "github.com/klauspost/compress"
  packages = ["flate","gzip","zlib"]
  revision = "6c8db69c4b49dd4df1fff66996cf556176d0b9bf"
  version = "v1.2.1"

[[projects]]
  name = "github.com/klauspost/cpuid"
  packages = ["."]
  revision = "ae7887de9fa5d2db4eaa8174a7eff2c1ac00f2da"
  version = "v1.1"

[[projects]]
  name = "github.com/klauspost/crc32"
  packages = ["."]
  revision = "cb6bfca970f6908083f26f39a79009d608efd5cd"
  version = "v1.1"

[[projects]]
  branch = "master"
  name = "github.com/kr/logfmt"
  packages = ["."]
  revision = "b84e30acd515aadc4b783ad4ff83aff3299bdfe0"

[[projects]]
  name = "github.com/l-vitaly/go-kit"
  packages = ["transport/fasthttp"]
  revision = "2c5ffa0cc4cec39dddfb429d6ce03a2829e459c9"
  version = "v2.0.2"

[[projects]]
  name = "github.com/l-vitaly/goenv"
  packages = ["."]
  revision = "ab4f76cc5c07b717649e9fa3083950ee0c2ac630"
  version = "v1.1.2"

[[projects]]
  branch = "master"
  name = "github.com/pquerna/ffjson"
  packages = ["ffjson","fflib/v1","fflib/v1/internal"]
  revision = "d49c2bc1aa135aad0c6f4fc2056623ec78f5d5ac"

[[projects]]
  branch = "master"
  name = "github.com/qiangxue/fasthttp-routing"
  packages = ["."]
  revision = "6ccdc2a18d8712f842de50ddcb8c9a3d025ddc71"

[[projects]]
  name = "github.com/valyala/fasthttp"
  packages = [".","fasthttputil"]
  revision = "d42167fd04f636e20b005e9934159e95454233c7"
  version = "v20160617"

[[projects]]
  branch = "master"
  name = "golang.org/x/net"
  packages = ["html","html/atom"]
  revision = "1087133bc4af3073e18add999345c6ae75918503"

[solve-meta]
  analyzer-name = "dep"
  analyzer-version = 1
  inputs-digest = "ba74e03a909afe6b04f670070b1fac8f94765d4b0bbcf8ed19241e4fa14d8731"
  solver-name = "gps-cdcl"
  solver-version = 1
